
Microsoft Visual Studio Solution File, Format Version 12.00
# Visual Studio Version 17
VisualStudioVersion = 17.9.34622.214
MinimumVisualStudioVersion = 10.0.40219.1
Project("{2150E333-8FDC-42A3-9474-1A3956D46DE8}") = "Frontend", "Frontend", "{5C4C4D5E-696F-45FA-AC88-DC45BEAF80DD}"
EndProject
Project("{2150E333-8FDC-42A3-9474-1A3956D46DE8}") = "Backend", "Backend", "{FE4C24A7-B463-43BB-AB10-B6D5F6F9B8F7}"
EndProject
Project("{9A19103F-16F7-4668-BE54-9A1E7A4F7556}") = "UserManagement.UI.Services", "UserManagement.UI.Services\UserManagement.UI.Services.csproj", "{81796484-7786-4E91-BD04-03B11F03CAFF}"
EndProject
Project("{2150E333-8FDC-42A3-9474-1A3956D46DE8}") = "Api", "Api", "{07C547A9-0743-480D-BCCA-24A82C0D48B2}"
EndProject
Project("{2150E333-8FDC-42A3-9474-1A3956D46DE8}") = "Data", "Data", "{6E0FFD45-1005-4A6D-9E36-F21CCDD05986}"
EndProject
Project("{9A19103F-16F7-4668-BE54-9A1E7A4F7556}") = "UserManagement.Data", "UserManagement.Data\UserManagement.Data.csproj", "{0451068C-F498-4F34-86A5-70D2130E4DDA}"
EndProject
Project("{9A19103F-16F7-4668-BE54-9A1E7A4F7556}") = "UserManagement.Data.Models", "UserManagement.Data.Models\UserManagement.Data.Models.csproj", "{28CAC92D-4852-4BEB-9CD6-23F5AF9D896A}"
EndProject
Project("{9A19103F-16F7-4668-BE54-9A1E7A4F7556}") = "UserApi.MVC", "UserApi.MVC\UserApi.MVC.csproj", "{2CF51C17-B0A8-4C6A-8E58-616F07627846}"
EndProject
Project("{9A19103F-16F7-4668-BE54-9A1E7A4F7556}") = "UserApi.Models", "UserApi.Models\UserApi.Models.csproj", "{2B1B7A77-5523-45D6-9B16-72129D7CC9AE}"
EndProject
Project("{9A19103F-16F7-4668-BE54-9A1E7A4F7556}") = "UserApi.Services", "UserApi.Services\UserApi.Services.csproj", "{B3368DA2-7582-44BE-B63C-473F6DCF2716}"
EndProject
Project("{9A19103F-16F7-4668-BE54-9A1E7A4F7556}") = "UserManagement.UI", "UserManagement.UI\UserManagement.UI.csproj", "{0F5333EE-E918-4F01-B525-90DC0FF600C0}"
EndProject
Global
	GlobalSection(SolutionConfigurationPlatforms) = preSolution
		Debug|Any CPU = Debug|Any CPU
		Release|Any CPU = Release|Any CPU
	EndGlobalSection
	GlobalSection(ProjectConfigurationPlatforms) = postSolution
		{81796484-7786-4E91-BD04-03B11F03CAFF}.Debug|Any CPU.ActiveCfg = Debug|Any CPU
		{81796484-7786-4E91-BD04-03B11F03CAFF}.Debug|Any CPU.Build.0 = Debug|Any CPU
		{81796484-7786-4E91-BD04-03B11F03CAFF}.Release|Any CPU.ActiveCfg = Release|Any CPU
		{81796484-7786-4E91-BD04-03B11F03CAFF}.Release|Any CPU.Build.0 = Release|Any CPU
		{0451068C-F498-4F34-86A5-70D2130E4DDA}.Debug|Any CPU.ActiveCfg = Debug|Any CPU
		{0451068C-F498-4F34-86A5-70D2130E4DDA}.Debug|Any CPU.Build.0 = Debug|Any CPU
		{0451068C-F498-4F34-86A5-70D2130E4DDA}.Release|Any CPU.ActiveCfg = Release|Any CPU
		{0451068C-F498-4F34-86A5-70D2130E4DDA}.Release|Any CPU.Build.0 = Release|Any CPU
		{28CAC92D-4852-4BEB-9CD6-23F5AF9D896A}.Debug|Any CPU.ActiveCfg = Debug|Any CPU
		{28CAC92D-4852-4BEB-9CD6-23F5AF9D896A}.Debug|Any CPU.Build.0 = Debug|Any CPU
		{28CAC92D-4852-4BEB-9CD6-23F5AF9D896A}.Release|Any CPU.ActiveCfg = Release|Any CPU
		{28CAC92D-4852-4BEB-9CD6-23F5AF9D896A}.Release|Any CPU.Build.0 = Release|Any CPU
		{2CF51C17-B0A8-4C6A-8E58-616F07627846}.Debug|Any CPU.ActiveCfg = Debug|Any CPU
		{2CF51C17-B0A8-4C6A-8E58-616F07627846}.Debug|Any CPU.Build.0 = Debug|Any CPU
		{2CF51C17-B0A8-4C6A-8E58-616F07627846}.Release|Any CPU.ActiveCfg = Release|Any CPU
		{2CF51C17-B0A8-4C6A-8E58-616F07627846}.Release|Any CPU.Build.0 = Release|Any CPU
		{2B1B7A77-5523-45D6-9B16-72129D7CC9AE}.Debug|Any CPU.ActiveCfg = Debug|Any CPU
		{2B1B7A77-5523-45D6-9B16-72129D7CC9AE}.Debug|Any CPU.Build.0 = Debug|Any CPU
		{2B1B7A77-5523-45D6-9B16-72129D7CC9AE}.Release|Any CPU.ActiveCfg = Release|Any CPU
		{2B1B7A77-5523-45D6-9B16-72129D7CC9AE}.Release|Any CPU.Build.0 = Release|Any CPU
		{B3368DA2-7582-44BE-B63C-473F6DCF2716}.Debug|Any CPU.ActiveCfg = Debug|Any CPU
		{B3368DA2-7582-44BE-B63C-473F6DCF2716}.Debug|Any CPU.Build.0 = Debug|Any CPU
		{B3368DA2-7582-44BE-B63C-473F6DCF2716}.Release|Any CPU.ActiveCfg = Release|Any CPU
		{B3368DA2-7582-44BE-B63C-473F6DCF2716}.Release|Any CPU.Build.0 = Release|Any CPU
		{0F5333EE-E918-4F01-B525-90DC0FF600C0}.Debug|Any CPU.ActiveCfg = Debug|Any CPU
		{0F5333EE-E918-4F01-B525-90DC0FF600C0}.Debug|Any CPU.Build.0 = Debug|Any CPU
		{0F5333EE-E918-4F01-B525-90DC0FF600C0}.Release|Any CPU.ActiveCfg = Release|Any CPU
		{0F5333EE-E918-4F01-B525-90DC0FF600C0}.Release|Any CPU.Build.0 = Release|Any CPU
	EndGlobalSection
	GlobalSection(SolutionProperties) = preSolution
		HideSolutionNode = FALSE
	EndGlobalSection
	GlobalSection(NestedProjects) = preSolution
		{81796484-7786-4E91-BD04-03B11F03CAFF} = {5C4C4D5E-696F-45FA-AC88-DC45BEAF80DD}
		{07C547A9-0743-480D-BCCA-24A82C0D48B2} = {FE4C24A7-B463-43BB-AB10-B6D5F6F9B8F7}
		{6E0FFD45-1005-4A6D-9E36-F21CCDD05986} = {FE4C24A7-B463-43BB-AB10-B6D5F6F9B8F7}
		{0451068C-F498-4F34-86A5-70D2130E4DDA} = {6E0FFD45-1005-4A6D-9E36-F21CCDD05986}
		{28CAC92D-4852-4BEB-9CD6-23F5AF9D896A} = {6E0FFD45-1005-4A6D-9E36-F21CCDD05986}
		{2CF51C17-B0A8-4C6A-8E58-616F07627846} = {07C547A9-0743-480D-BCCA-24A82C0D48B2}
		{2B1B7A77-5523-45D6-9B16-72129D7CC9AE} = {07C547A9-0743-480D-BCCA-24A82C0D48B2}
		{B3368DA2-7582-44BE-B63C-473F6DCF2716} = {07C547A9-0743-480D-BCCA-24A82C0D48B2}
		{0F5333EE-E918-4F01-B525-90DC0FF600C0} = {5C4C4D5E-696F-45FA-AC88-DC45BEAF80DD}
	EndGlobalSection
	GlobalSection(ExtensibilityGlobals) = postSolution
		SolutionGuid = {B8743936-F788-467B-82A0-3B4D58AFF874}
	EndGlobalSection
EndGlobal
